{
  "nodes": {
    "flake-utils": {
      "locked": {
        "lastModified": 1629481132,
        "narHash": "sha256-JHgasjPR0/J1J3DRm4KxM4zTyAj4IOJY8vIl75v/kPI=",
        "owner": "numtide",
        "repo": "flake-utils",
        "rev": "997f7efcb746a9c140ce1f13c72263189225f482",
        "type": "github"
      },
      "original": {
        "owner": "numtide",
        "repo": "flake-utils",
        "type": "github"
      }
    },
    "golang": {
      "flake": false,
      "locked": {
        "narHash": "sha256-EL6eQ80p+BH6WcqQoWxpKOiqwtRml0YlMrXZn2iY6Xs=",
        "type": "tarball",
        "url": "https://dl.google.com/go/go1.17.src.tar.gz"
      },
      "original": {
        "type": "tarball",
        "url": "https://dl.google.com/go/go1.17.src.tar.gz"
      }
    },
    "nixpkgs": {
      "locked": {
        "lastModified": 1630500761,
        "narHash": "sha256-xjEjZro342lUPd5Z/fFwdAX1dMXXZ3tvPGqMpqs0U20=",
        "owner": "NixOS",
        "repo": "nixpkgs",
        "rev": "6cc260cfd60f094500b79e279069b499806bf6d8",
        "type": "github"
      },
      "original": {
        "owner": "NixOS",
        "ref": "nixpkgs-unstable",
        "repo": "nixpkgs",
        "type": "github"
      }
    },
    "root": {
      "inputs": {
        "flake-utils": "flake-utils",
        "golang": "golang",
        "nixpkgs": "nixpkgs"
      }
    }
  },
  "root": "root",
  "version": 7
}
